
Microsoft Visual Studio Solution File, Format Version 12.00
# Visual Studio Version 17
VisualStudioVersion = 17.9.34714.143
MinimumVisualStudioVersion = 10.0.40219.1
Project("{9A19103F-16F7-4668-BE54-9A1E7A4F7556}") = "GigTechMvc", "GigTechMvc.csproj", "{B9D4F8F6-142E-4B5F-89DB-587C8F67C48F}"
EndProject
Project("{9A19103F-16F7-4668-BE54-9A1E7A4F7556}") = "GigTech.Common.DataContext.SqlServer", "..\GigTech.Common.DataContext.SqlServer\GigTech.Common.DataContext.SqlServer.csproj", "{D8AF37A2-B8A4-41B2-8E54-A0E597842D2F}"
EndProject
Project("{9A19103F-16F7-4668-BE54-9A1E7A4F7556}") = "GigTech.Common.EntityModels.SqlServer", "..\GigTech.Common.EntityModels.SqlServer\GigTech.Common.EntityModels.SqlServer.csproj", "{1DA45551-67A0-40D9-AF87-5AAC01BF9589}"
EndProject
Global
	GlobalSection(SolutionConfigurationPlatforms) = preSolution
		Debug|Any CPU = Debug|Any CPU
		Release|Any CPU = Release|Any CPU
	EndGlobalSection
	GlobalSection(ProjectConfigurationPlatforms) = postSolution
		{B9D4F8F6-142E-4B5F-89DB-587C8F67C48F}.Debug|Any CPU.ActiveCfg = Debug|Any CPU
		{B9D4F8F6-142E-4B5F-89DB-587C8F67C48F}.Debug|Any CPU.Build.0 = Debug|Any CPU
		{B9D4F8F6-142E-4B5F-89DB-587C8F67C48F}.Release|Any CPU.ActiveCfg = Release|Any CPU
		{B9D4F8F6-142E-4B5F-89DB-587C8F67C48F}.Release|Any CPU.Build.0 = Release|Any CPU
		{D8AF37A2-B8A4-41B2-8E54-A0E597842D2F}.Debug|Any CPU.ActiveCfg = Debug|Any CPU
		{D8AF37A2-B8A4-41B2-8E54-A0E597842D2F}.Debug|Any CPU.Build.0 = Debug|Any CPU
		{D8AF37A2-B8A4-41B2-8E54-A0E597842D2F}.Release|Any CPU.ActiveCfg = Release|Any CPU
		{D8AF37A2-B8A4-41B2-8E54-A0E597842D2F}.Release|Any CPU.Build.0 = Release|Any CPU
		{1DA45551-67A0-40D9-AF87-5AAC01BF9589}.Debug|Any CPU.ActiveCfg = Debug|Any CPU
		{1DA45551-67A0-40D9-AF87-5AAC01BF9589}.Debug|Any CPU.Build.0 = Debug|Any CPU
		{1DA45551-67A0-40D9-AF87-5AAC01BF9589}.Release|Any CPU.ActiveCfg = Release|Any CPU
		{1DA45551-67A0-40D9-AF87-5AAC01BF9589}.Release|Any CPU.Build.0 = Release|Any CPU
	EndGlobalSection
	GlobalSection(SolutionProperties) = preSolution
		HideSolutionNode = FALSE
	EndGlobalSection
	GlobalSection(ExtensibilityGlobals) = postSolution
		SolutionGuid = {969FFA05-C7E2-4BA0-9DBB-938127C137DA}
	EndGlobalSection
EndGlobal
